
Microsoft Visual Studio Solution File, Format Version 12.00
# Visual Studio Version 16
VisualStudioVersion = 16.0.29609.76
MinimumVisualStudioVersion = 10.0.40219.1
Project("{9A19103F-16F7-4668-BE54-9A1E7A4F7556}") = "TZ.SMS", "TZ.SMS\TZ.SMS.csproj", "{F9C02621-D5CD-4D54-8B52-2FBBD2213A8C}"
EndProject
Project("{FAE04EC0-301F-11D3-BF4B-00C04F79EFBC}") = "Demo", "Demo\Demo.csproj", "{88B60D22-1CFC-48B3-921A-3CA8131C0C05}"
EndProject
Global
	GlobalSection(SolutionConfigurationPlatforms) = preSolution
		Debug|Any CPU = Debug|Any CPU
		Release|Any CPU = Release|Any CPU
	EndGlobalSection
	GlobalSection(ProjectConfigurationPlatforms) = postSolution
		{F9C02621-D5CD-4D54-8B52-2FBBD2213A8C}.Debug|Any CPU.ActiveCfg = Debug|Any CPU
		{F9C02621-D5CD-4D54-8B52-2FBBD2213A8C}.Debug|Any CPU.Build.0 = Debug|Any CPU
		{F9C02621-D5CD-4D54-8B52-2FBBD2213A8C}.Release|Any CPU.ActiveCfg = Release|Any CPU
		{F9C02621-D5CD-4D54-8B52-2FBBD2213A8C}.Release|Any CPU.Build.0 = Release|Any CPU
		{88B60D22-1CFC-48B3-921A-3CA8131C0C05}.Debug|Any CPU.ActiveCfg = Debug|Any CPU
		{88B60D22-1CFC-48B3-921A-3CA8131C0C05}.Debug|Any CPU.Build.0 = Debug|Any CPU
		{88B60D22-1CFC-48B3-921A-3CA8131C0C05}.Release|Any CPU.ActiveCfg = Release|Any CPU
		{88B60D22-1CFC-48B3-921A-3CA8131C0C05}.Release|Any CPU.Build.0 = Release|Any CPU
	EndGlobalSection
	GlobalSection(SolutionProperties) = preSolution
		HideSolutionNode = FALSE
	EndGlobalSection
	GlobalSection(ExtensibilityGlobals) = postSolution
		SolutionGuid = {F883C609-EA70-4453-8B50-4C7BBC4060BD}
	EndGlobalSection
EndGlobal
